# THIS IS AN AUTOGENERATED FILE. DO NOT EDIT THIS FILE DIRECTLY.
# yarn lockfile v1


accept@3.x.x:
  version "3.1.3"
  resolved "https://registry.npmjs.org/accept/-/accept-3.1.3.tgz#29c3e2b3a8f4eedbc2b690e472b9ebbdc7385e87"
  dependencies:
    boom "7.x.x"
    hoek "6.x.x"

ammo@3.x.x:
  version "3.0.3"
  resolved "https://registry.npmjs.org/ammo/-/ammo-3.0.3.tgz#502aafa9d8bfca264143e226e5f322716e746b0c"
  dependencies:
    hoek "6.x.x"

b64@4.x.x:
  version "4.1.2"
  resolved "https://registry.npmjs.org/b64/-/b64-4.1.2.tgz#7015372ba8101f7fb18da070717a93c28c8580d8"
  dependencies:
    hoek "6.x.x"

boom@7.x.x:
  version "7.3.0"
  resolved "https://registry.npmjs.org/boom/-/boom-7.3.0.tgz#733a6d956d33b0b1999da3fe6c12996950d017b9"
  dependencies:
    hoek "6.x.x"

bounce@1.x.x:
  version "1.2.3"
  resolved "https://registry.npmjs.org/bounce/-/bounce-1.2.3.tgz#2b286d36eb21d5f08fe672dd8cd37a109baad121"
  dependencies:
    boom "7.x.x"
    hoek "6.x.x"

bourne@1.x.x:
  version "1.1.2"
  resolved "https://registry.npmjs.org/bourne/-/bourne-1.1.2.tgz#e290b5bd7166635632eaf8ef12b006b2d4a75b83"

buffer-equal-constant-time@1.0.1:
  version "1.0.1"
  resolved "https://registry.npmjs.org/buffer-equal-constant-time/-/buffer-equal-constant-time-1.0.1.tgz#f8e71132f7ffe6e01a5c9697a4c6f3e48d5cc819"

call@5.x.x:
  version "5.0.3"
  resolved "https://registry.npmjs.org/call/-/call-5.0.3.tgz#5dc82c698141c2d45c51a9c3c7e0697f43ac46a2"
  dependencies:
    boom "7.x.x"
    hoek "6.x.x"

catbox-memory@4.x.x:
  version "4.0.1"
  resolved "https://registry.npmjs.org/catbox-memory/-/catbox-memory-4.0.1.tgz#3371ae0dd91bbf5d9dd88dcab5332470354cbd1f"
  dependencies:
    boom "7.x.x"
    hoek "6.x.x"

catbox@10.x.x:
  version "10.0.6"
  resolved "https://registry.npmjs.org/catbox/-/catbox-10.0.6.tgz#d8d8dc3c36c965560539f94245904b229a8af428"
  dependencies:
    boom "7.x.x"
    hoek "6.x.x"
    joi "14.x.x"

content@4.x.x:
  version "4.0.6"
  resolved "https://registry.npmjs.org/content/-/content-4.0.6.tgz#76ffd96c5cbccf64fe3923cbb9c48b8bc04b273e"
  dependencies:
    boom "7.x.x"

core-util-is@~1.0.0:
  version "1.0.2"
  resolved "https://registry.npmjs.org/core-util-is/-/core-util-is-1.0.2.tgz#b5fd54220aa2bc5ab57aab7140c940754503c1a7"

cryptiles@4.x.x:
  version "4.1.3"
  resolved "https://registry.npmjs.org/cryptiles/-/cryptiles-4.1.3.tgz#2461d3390ea0b82c643a6ba79f0ed491b0934c25"
  dependencies:
    boom "7.x.x"

duplexify@^3.5.3:
  version "3.7.1"
  resolved "https://registry.npmjs.org/duplexify/-/duplexify-3.7.1.tgz#2a4df5317f6ccfd91f86d6fd25d8d8a103b88309"
  dependencies:
    end-of-stream "^1.0.0"
    inherits "^2.0.1"
    readable-stream "^2.0.0"
    stream-shift "^1.0.0"

ecdsa-sig-formatter@1.0.10:
  version "1.0.10"
  resolved "https://registry.npmjs.org/ecdsa-sig-formatter/-/ecdsa-sig-formatter-1.0.10.tgz#1c595000f04a8897dfb85000892a0f4c33af86c3"
  dependencies:
    safe-buffer "^5.0.1"

end-of-stream@^1.0.0, end-of-stream@^1.1.0:
  version "1.4.1"
  resolved "https://registry.npmjs.org/end-of-stream/-/end-of-stream-1.4.1.tgz#ed29634d19baba463b6ce6b80a37213eab71ec43"
  dependencies:
    once "^1.4.0"

good-console@^8.0.0:
  version "8.0.0"
  resolved "https://registry.npmjs.org/good-console/-/good-console-8.0.0.tgz#cc7262081f09fac5678b397e8847c194fbf85f64"
  dependencies:
    hoek "6.x.x"
    joi "14.x.x"
    json-stringify-safe "5.x.x"
    moment "2.x.x"

good@^8.1.2:
  version "8.1.2"
  resolved "https://registry.npmjs.org/good/-/good-8.1.2.tgz#de601cf25202a486b9ef5475c218bc178414e8eb"
  dependencies:
    hoek "6.x.x"
    joi "14.x.x"
    oppsy "2.x.x"
    pumpify "1.3.x"

hapi@^18.1.0:
  version "18.1.0"
  resolved "https://registry.npmjs.org/hapi/-/hapi-18.1.0.tgz#98a2a5a8f37a41eb196bdad9727f66b1fbca5fec"
  dependencies:
    accept "3.x.x"
    ammo "3.x.x"
    boom "7.x.x"
    bounce "1.x.x"
    call "5.x.x"
    catbox "10.x.x"
    catbox-memory "4.x.x"
    heavy "6.x.x"
    hoek "6.x.x"
    joi "14.x.x"
    mimos "4.x.x"
    podium "3.x.x"
    shot "4.x.x"
    somever "2.x.x"
    statehood "6.x.x"
    subtext "6.x.x"
    teamwork "3.x.x"
    topo "3.x.x"

heavy@6.x.x:
  version "6.1.2"
  resolved "https://registry.npmjs.org/heavy/-/heavy-6.1.2.tgz#e5d56f18170a37b01d4381bc07fece5edc68520b"
  dependencies:
    boom "7.x.x"
    hoek "6.x.x"
    joi "14.x.x"

hoek@6.x.x:
  version "6.1.2"
  resolved "https://registry.npmjs.org/hoek/-/hoek-6.1.2.tgz#99e6d070561839de74ee427b61aa476bd6bddfd6"

inherits@^2.0.1, inherits@^2.0.3, inherits@~2.0.3:
  version "2.0.3"
  resolved "https://registry.npmjs.org/inherits/-/inherits-2.0.3.tgz#633c2c83e3da42a502f52466022480f4208261de"

iron@5.x.x:
  version "5.0.6"
  resolved "https://registry.npmjs.org/iron/-/iron-5.0.6.tgz#7121d4a6e3ac2f65e4d02971646fea1995434744"
  dependencies:
    b64 "4.x.x"
    boom "7.x.x"
    cryptiles "4.x.x"
    hoek "6.x.x"

isarray@~1.0.0:
  version "1.0.0"
  resolved "https://registry.npmjs.org/isarray/-/isarray-1.0.0.tgz#bb935d48582cba168c06834957a54a3e07124f11"

isemail@3.x.x:
  version "3.2.0"
  resolved "https://registry.npmjs.org/isemail/-/isemail-3.2.0.tgz#59310a021931a9fb06bbb51e155ce0b3f236832c"
  dependencies:
    punycode "2.x.x"

joi@14.x.x:
  version "14.3.1"
  resolved "https://registry.npmjs.org/joi/-/joi-14.3.1.tgz#164a262ec0b855466e0c35eea2a885ae8b6c703c"
  dependencies:
    hoek "6.x.x"
    isemail "3.x.x"
    topo "3.x.x"

json-stringify-safe@5.x.x:
  version "5.0.1"
  resolved "https://registry.npmjs.org/json-stringify-safe/-/json-stringify-safe-5.0.1.tgz#1296a2d58fd45f19a0f6ce01d65701e2c735b6eb"

jsonwebtoken@^8.4.0:
  version "8.4.0"
  resolved "https://registry.npmjs.org/jsonwebtoken/-/jsonwebtoken-8.4.0.tgz#8757f7b4cb7440d86d5e2f3becefa70536c8e46a"
  dependencies:
    jws "^3.1.5"
    lodash.includes "^4.3.0"
    lodash.isboolean "^3.0.3"
    lodash.isinteger "^4.0.4"
    lodash.isnumber "^3.0.3"
    lodash.isplainobject "^4.0.6"
    lodash.isstring "^4.0.1"
    lodash.once "^4.0.0"
    ms "^2.1.1"

jwa@^1.2.0:
  version "1.2.0"
  resolved "https://registry.npmjs.org/jwa/-/jwa-1.2.0.tgz#606da70c1c6d425cad329c77c99f2df2a981489a"
  dependencies:
    buffer-equal-constant-time "1.0.1"
    ecdsa-sig-formatter "1.0.10"
    safe-buffer "^5.0.1"

jws@^3.1.5:
  version "3.2.1"
  resolved "https://registry.npmjs.org/jws/-/jws-3.2.1.tgz#d79d4216a62c9afa0a3d5e8b5356d75abdeb2be5"
  dependencies:
    jwa "^1.2.0"
    safe-buffer "^5.0.1"

lodash.includes@^4.3.0:
  version "4.3.0"
  resolved "https://registry.npmjs.org/lodash.includes/-/lodash.includes-4.3.0.tgz#60bb98a87cb923c68ca1e51325483314849f553f"

lodash.isboolean@^3.0.3:
  version "3.0.3"
  resolved "https://registry.npmjs.org/lodash.isboolean/-/lodash.isboolean-3.0.3.tgz#6c2e171db2a257cd96802fd43b01b20d5f5870f6"

lodash.isinteger@^4.0.4:
  version "4.0.4"
  resolved "https://registry.npmjs.org/lodash.isinteger/-/lodash.isinteger-4.0.4.tgz#619c0af3d03f8b04c31f5882840b77b11cd68343"

lodash.isnumber@^3.0.3:
  version "3.0.3"
  resolved "https://registry.npmjs.org/lodash.isnumber/-/lodash.isnumber-3.0.3.tgz#3ce76810c5928d03352301ac287317f11c0b1ffc"

lodash.isplainobject@^4.0.6:
  version "4.0.6"
  resolved "https://registry.npmjs.org/lodash.isplainobject/-/lodash.isplainobject-4.0.6.tgz#7c526a52d89b45c45cc690b88163be0497f550cb"

lodash.isstring@^4.0.1:
  version "4.0.1"
  resolved "https://registry.npmjs.org/lodash.isstring/-/lodash.isstring-4.0.1.tgz#d527dfb5456eca7cc9bb95d5daeaf88ba54a5451"

lodash.once@^4.0.0:
  version "4.1.1"
  resolved "https://registry.npmjs.org/lodash.once/-/lodash.once-4.1.1.tgz#0dd3971213c7c56df880977d504c88fb471a97ac"

mime-db@1.x.x:
  version "1.38.0"
  resolved "https://registry.npmjs.org/mime-db/-/mime-db-1.38.0.tgz#1a2aab16da9eb167b49c6e4df2d9c68d63d8e2ad"

mimos@4.x.x:
  version "4.0.2"
  resolved "https://registry.npmjs.org/mimos/-/mimos-4.0.2.tgz#f2762d7c60118ce51c2231afa090bc335d21d0f8"
  dependencies:
    hoek "6.x.x"
    mime-db "1.x.x"

moment@2.x.x:
  version "2.24.0"
  resolved "https://registry.npmjs.org/moment/-/moment-2.24.0.tgz#0d055d53f5052aa653c9f6eb68bb5d12bf5c2b5b"

ms@^2.1.1:
  version "2.1.1"
  resolved "https://registry.npmjs.org/ms/-/ms-2.1.1.tgz#30a5864eb3ebb0a66f2ebe6d727af06a09d86e0a"

nigel@3.x.x:
  version "3.0.4"
  resolved "https://registry.npmjs.org/nigel/-/nigel-3.0.4.tgz#edcd82f2e9387fe34ba21e3127ae4891547c7945"
  dependencies:
    hoek "6.x.x"
    vise "3.x.x"

once@^1.3.1, once@^1.4.0:
  version "1.4.0"
  resolved "https://registry.npmjs.org/once/-/once-1.4.0.tgz#583b1aa775961d4b113ac17d9c50baef9dd76bd1"
  dependencies:
    wrappy "1"

oppsy@2.x.x:
  version "2.0.1"
  resolved "https://registry.npmjs.org/oppsy/-/oppsy-2.0.1.tgz#91da3b4cc5cc6527dae3f04d67c7db87e4e4448c"
  dependencies:
    hoek "6.x.x"

pez@4.x.x:
  version "4.0.5"
  resolved "https://registry.npmjs.org/pez/-/pez-4.0.5.tgz#a975c49deff330d298d82851b39f81c2710556df"
  dependencies:
    b64 "4.x.x"
    boom "7.x.x"
    content "4.x.x"
    hoek "6.x.x"
    nigel "3.x.x"

podium@3.x.x:
  version "3.2.0"
  resolved "https://registry.npmjs.org/podium/-/podium-3.2.0.tgz#2a7c579ddd5408f412d014c9ffac080c41d83477"
  dependencies:
    hoek "6.x.x"
    joi "14.x.x"

process-nextick-args@~2.0.0:
  version "2.0.0"
  resolved "https://registry.npmjs.org/process-nextick-args/-/process-nextick-args-2.0.0.tgz#a37d732f4271b4ab1ad070d35508e8290788ffaa"

pump@^2.0.0:
  version "2.0.1"
  resolved "https://registry.npmjs.org/pump/-/pump-2.0.1.tgz#12399add6e4cf7526d973cbc8b5ce2e2908b3909"
  dependencies:
    end-of-stream "^1.1.0"
    once "^1.3.1"

pumpify@1.3.x:
  version "1.3.6"
  resolved "https://registry.npmjs.org/pumpify/-/pumpify-1.3.6.tgz#00d40e5ded0a3bf1e0788b1c0cf426a42882ab64"
  dependencies:
    duplexify "^3.5.3"
    inherits "^2.0.3"
    pump "^2.0.0"

punycode@2.x.x:
  version "2.1.1"
  resolved "https://registry.npmjs.org/punycode/-/punycode-2.1.1.tgz#b58b010ac40c22c5657616c8d2c2c02c7bf479ec"

readable-stream@^2.0.0:
  version "2.3.6"
  resolved "https://registry.npmjs.org/readable-stream/-/readable-stream-2.3.6.tgz#b11c27d88b8ff1fbe070643cf94b0c79ae1b0aaf"
  dependencies:
    core-util-is "~1.0.0"
    inherits "~2.0.3"
    isarray "~1.0.0"
    process-nextick-args "~2.0.0"
    safe-buffer "~5.1.1"
    string_decoder "~1.1.1"
    util-deprecate "~1.0.1"

safe-buffer@^5.0.1, safe-buffer@~5.1.0, safe-buffer@~5.1.1:
  version "5.1.2"
  resolved "https://registry.npmjs.org/safe-buffer/-/safe-buffer-5.1.2.tgz#991ec69d296e0313747d59bdfd2b745c35f8828d"

shot@4.x.x:
  version "4.0.7"
  resolved "https://registry.npmjs.org/shot/-/shot-4.0.7.tgz#b05d2858634fedc18ece99e8f638fab7c9f9d4c4"
  dependencies:
    hoek "6.x.x"
    joi "14.x.x"

somever@2.x.x:
  version "2.0.0"
  resolved "https://registry.npmjs.org/somever/-/somever-2.0.0.tgz#7bdbed3bee8ece2c7c8a2e7d9a1c022bd98d6c89"
  dependencies:
    bounce "1.x.x"
    hoek "6.x.x"

statehood@6.x.x:
  version "6.0.9"
  resolved "https://registry.npmjs.org/statehood/-/statehood-6.0.9.tgz#b347ae19818aec7fc26645fe1ec6a61928a57a3c"
  dependencies:
    boom "7.x.x"
    bounce "1.x.x"
    bourne "1.x.x"
    cryptiles "4.x.x"
    hoek "6.x.x"
    iron "5.x.x"
    joi "14.x.x"

stream-shift@^1.0.0:
  version "1.0.0"
  resolved "https://registry.npmjs.org/stream-shift/-/stream-shift-1.0.0.tgz#d5c752825e5367e786f78e18e445ea223a155952"

string_decoder@~1.1.1:
  version "1.1.1"
  resolved "https://registry.npmjs.org/string_decoder/-/string_decoder-1.1.1.tgz#9cf1611ba62685d7030ae9e4ba34149c3af03fc8"
  dependencies:
    safe-buffer "~5.1.0"

subtext@6.x.x:
  version "6.0.12"
  resolved "https://registry.npmjs.org/subtext/-/subtext-6.0.12.tgz#ac09be3eac1eca3396933adeadd65fc781f64fc1"
  dependencies:
    boom "7.x.x"
    bourne "1.x.x"
    content "4.x.x"
    hoek "6.x.x"
    pez "4.x.x"
    wreck "14.x.x"

teamwork@3.x.x:
  version "3.0.3"
  resolved "https://registry.npmjs.org/teamwork/-/teamwork-3.0.3.tgz#0c08748efe00c32c1eaf1128ef7f07ba0c7cc4ea"

topo@3.x.x:
  version "3.0.3"
  resolved "https://registry.npmjs.org/topo/-/topo-3.0.3.tgz#d5a67fb2e69307ebeeb08402ec2a2a6f5f7ad95c"
  dependencies:
    hoek "6.x.x"

util-deprecate@~1.0.1:
  version "1.0.2"
  resolved "https://registry.npmjs.org/util-deprecate/-/util-deprecate-1.0.2.tgz#450d4dc9fa70de732762fbd2d4a28981419a0ccf"

vise@3.x.x:
  version "3.0.2"
  resolved "https://registry.npmjs.org/vise/-/vise-3.0.2.tgz#9a8b7450f783aa776faa327fe47d7bfddb227266"
  dependencies:
    hoek "6.x.x"

wrappy@1:
  version "1.0.2"
  resolved "https://registry.npmjs.org/wrappy/-/wrappy-1.0.2.tgz#b5243d8f3ec1aa35f1364605bc0d1036e30ab69f"

wreck@14.x.x:
  version "14.1.4"
  resolved "https://registry.npmjs.org/wreck/-/wreck-14.1.4.tgz#c635358f4f5c99c2b977978258443193830e8274"
  dependencies:
    boom "7.x.x"
    bourne "1.x.x"
    hoek "6.x.x"
